
Microsoft Visual Studio Solution File, Format Version 12.00
# Visual Studio Version 17
VisualStudioVersion = 17.3.32811.315
MinimumVisualStudioVersion = 10.0.40219.1
Project("{FAE04EC0-301F-11D3-BF4B-00C04F79EFBC}") = "EncryptDecryptApp", "EncryptDecryptApp\EncryptDecryptApp.csproj", "{9EF0F681-F1FE-4F33-B8AF-F2AC6DF41509}"
EndProject
Global
	GlobalSection(SolutionConfigurationPlatforms) = preSolution
		Debug|Any CPU = Debug|Any CPU
		Release|Any CPU = Release|Any CPU
	EndGlobalSection
	GlobalSection(ProjectConfigurationPlatforms) = postSolution
		{9EF0F681-F1FE-4F33-B8AF-F2AC6DF41509}.Debug|Any CPU.ActiveCfg = Debug|Any CPU
		{9EF0F681-F1FE-4F33-B8AF-F2AC6DF41509}.Debug|Any CPU.Build.0 = Debug|Any CPU
		{9EF0F681-F1FE-4F33-B8AF-F2AC6DF41509}.Release|Any CPU.ActiveCfg = Release|Any CPU
		{9EF0F681-F1FE-4F33-B8AF-F2AC6DF41509}.Release|Any CPU.Build.0 = Release|Any CPU
	EndGlobalSection
	GlobalSection(SolutionProperties) = preSolution
		HideSolutionNode = FALSE
	EndGlobalSection
	GlobalSection(ExtensibilityGlobals) = postSolution
		SolutionGuid = {F58D52CE-18BA-4A17-B5F4-CFF7E017EBDC}
	EndGlobalSection
EndGlobal
