
Microsoft Visual Studio Solution File, Format Version 12.00
# Visual Studio Version 17
VisualStudioVersion = 17.3.32811.315
MinimumVisualStudioVersion = 10.0.40219.1
Project("{FAE04EC0-301F-11D3-BF4B-00C04F79EFBC}") = "NumberGuessingGameTwo", "NumberGuessingGameTwo\NumberGuessingGameTwo.csproj", "{A5198AE3-B330-4EBD-BB4C-A812E4117069}"
EndProject
Global
	GlobalSection(SolutionConfigurationPlatforms) = preSolution
		Debug|Any CPU = Debug|Any CPU
		Release|Any CPU = Release|Any CPU
	EndGlobalSection
	GlobalSection(ProjectConfigurationPlatforms) = postSolution
		{A5198AE3-B330-4EBD-BB4C-A812E4117069}.Debug|Any CPU.ActiveCfg = Debug|Any CPU
		{A5198AE3-B330-4EBD-BB4C-A812E4117069}.Debug|Any CPU.Build.0 = Debug|Any CPU
		{A5198AE3-B330-4EBD-BB4C-A812E4117069}.Release|Any CPU.ActiveCfg = Release|Any CPU
		{A5198AE3-B330-4EBD-BB4C-A812E4117069}.Release|Any CPU.Build.0 = Release|Any CPU
	EndGlobalSection
	GlobalSection(SolutionProperties) = preSolution
		HideSolutionNode = FALSE
	EndGlobalSection
	GlobalSection(ExtensibilityGlobals) = postSolution
		SolutionGuid = {8B4485DA-3FC4-4F00-B4FB-55259D691981}
	EndGlobalSection
EndGlobal
